// !$*UTF8*$!
{
	archiveVersion = 1;
	classes = {
	};
	objectVersion = 77;
	objects = {

/* Begin PBXBuildFile section */
		411BD9042D48195E002252CA /* Assets.xcassets in Resources */ = {isa = PBXBuildFile; fileRef = 411BD8FE2D48195E002252CA /* Assets.xcassets */; };
		411BD9062D48195E002252CA /* LaunchScreen.storyboard in Resources */ = {isa = PBXBuildFile; fileRef = 411BD9012D48195E002252CA /* LaunchScreen.storyboard */; };
		411BD9072D48195E002252CA /* AppDelegate.swift in Sources */ = {isa = PBXBuildFile; fileRef = 411BD8FB2D48195E002252CA /* AppDelegate.swift */; };
		411BD9082D48195E002252CA /* SceneDelegate.swift in Sources */ = {isa = PBXBuildFile; fileRef = 411BD8FC2D48195E002252CA /* SceneDelegate.swift */; };
		411FE5182D48EC0A006A5FF9 /* AuthFactory.swift in Sources */ = {isa = PBXBuildFile; fileRef = 411FE5132D48EC0A006A5FF9 /* AuthFactory.swift */; };
		411FE5192D48EC0A006A5FF9 /* AuthRouter.swift in Sources */ = {isa = PBXBuildFile; fileRef = 411FE5162D48EC0A006A5FF9 /* AuthRouter.swift */; };
		411FE51A2D48EC0A006A5FF9 /* AuthPresenter.swift in Sources */ = {isa = PBXBuildFile; fileRef = 411FE5152D48EC0A006A5FF9 /* AuthPresenter.swift */; };
		411FE51B2D48EC0A006A5FF9 /* AuthInteractor.swift in Sources */ = {isa = PBXBuildFile; fileRef = 411FE5142D48EC0A006A5FF9 /* AuthInteractor.swift */; };
		411FE51C2D48EC0A006A5FF9 /* AuthViewController.swift in Sources */ = {isa = PBXBuildFile; fileRef = 411FE5172D48EC0A006A5FF9 /* AuthViewController.swift */; };
		411FE51D2D48EC0A006A5FF9 /* AuthCoordinator.swift in Sources */ = {isa = PBXBuildFile; fileRef = 411FE5122D48EC0A006A5FF9 /* AuthCoordinator.swift */; };
		411FE51E2D48EC0A006A5FF9 /* AuthConfigurator.swift in Sources */ = {isa = PBXBuildFile; fileRef = 411FE5112D48EC0A006A5FF9 /* AuthConfigurator.swift */; };
		411FE5262D48F01F006A5FF9 /* LogInPasswordTextField.swift in Sources */ = {isa = PBXBuildFile; fileRef = 411FE5252D48F01F006A5FF9 /* LogInPasswordTextField.swift */; };
		411FE5282D48F658006A5FF9 /* AuthButton.swift in Sources */ = {isa = PBXBuildFile; fileRef = 411FE5272D48F658006A5FF9 /* AuthButton.swift */; };
		411FE52E2D4A4B7F006A5FF9 /* UDStorageManager.swift in Sources */ = {isa = PBXBuildFile; fileRef = 411FE52D2D4A4B7F006A5FF9 /* UDStorageManager.swift */; };
		411FE5302D4A4B92006A5FF9 /* FirebaseAuthManager.swift in Sources */ = {isa = PBXBuildFile; fileRef = 411FE52F2D4A4B92006A5FF9 /* FirebaseAuthManager.swift */; };
		411FE5342D4A4D79006A5FF9 /* GoogleService-Info.plist in Resources */ = {isa = PBXBuildFile; fileRef = 411FE5332D4A4D79006A5FF9 /* GoogleService-Info.plist */; };
		412C79982D4B7CBE006D9383 /* SignUpRouter.swift in Sources */ = {isa = PBXBuildFile; fileRef = 412C79962D4B7CBE006D9383 /* SignUpRouter.swift */; };
		412C79992D4B7CBE006D9383 /* SignUpInteractor.swift in Sources */ = {isa = PBXBuildFile; fileRef = 412C79942D4B7CBE006D9383 /* SignUpInteractor.swift */; };
		412C799A2D4B7CBE006D9383 /* SignUpViewController.swift in Sources */ = {isa = PBXBuildFile; fileRef = 412C79972D4B7CBE006D9383 /* SignUpViewController.swift */; };
		412C799B2D4B7CBE006D9383 /* SignUpConfigurator.swift in Sources */ = {isa = PBXBuildFile; fileRef = 412C79912D4B7CBE006D9383 /* SignUpConfigurator.swift */; };
		412C799D2D4B7CBE006D9383 /* SignUpFactory.swift in Sources */ = {isa = PBXBuildFile; fileRef = 412C79932D4B7CBE006D9383 /* SignUpFactory.swift */; };
		412C799E2D4B7CBE006D9383 /* SignUpPresenter.swift in Sources */ = {isa = PBXBuildFile; fileRef = 412C79952D4B7CBE006D9383 /* SignUpPresenter.swift */; };
		412C79AB2D4CFBA4006D9383 /* PINCodeInteractor.swift in Sources */ = {isa = PBXBuildFile; fileRef = 412C79A72D4CFBA4006D9383 /* PINCodeInteractor.swift */; };
		412C79AC2D4CFBA4006D9383 /* PINCodeRouter.swift in Sources */ = {isa = PBXBuildFile; fileRef = 412C79A92D4CFBA4006D9383 /* PINCodeRouter.swift */; };
		412C79AD2D4CFBA4006D9383 /* PINCodePresenter.swift in Sources */ = {isa = PBXBuildFile; fileRef = 412C79A82D4CFBA4006D9383 /* PINCodePresenter.swift */; };
		412C79AE2D4CFBA4006D9383 /* PINCodeViewController.swift in Sources */ = {isa = PBXBuildFile; fileRef = 412C79AA2D4CFBA4006D9383 /* PINCodeViewController.swift */; };
		412C79B02D4CFBA4006D9383 /* PINCodeConfigurator.swift in Sources */ = {isa = PBXBuildFile; fileRef = 412C79A42D4CFBA4006D9383 /* PINCodeConfigurator.swift */; };
		412C79B12D4CFBA4006D9383 /* PINCodeFactory.swift in Sources */ = {isa = PBXBuildFile; fileRef = 412C79A62D4CFBA4006D9383 /* PINCodeFactory.swift */; };
		412C79B52D4D03F1006D9383 /* PinCodeCircles.swift in Sources */ = {isa = PBXBuildFile; fileRef = 412C79B42D4D03F1006D9383 /* PinCodeCircles.swift */; };
		412C79B72D4D096A006D9383 /* NumbersInputStack.swift in Sources */ = {isa = PBXBuildFile; fileRef = 412C79B62D4D096A006D9383 /* NumbersInputStack.swift */; };
		412C79B92D4D29E4006D9383 /* UIImageView+.swift in Sources */ = {isa = PBXBuildFile; fileRef = 412C79B82D4D29E4006D9383 /* UIImageView+.swift */; };
		412C79BB2D4E5234006D9383 /* UserInfo.swift in Sources */ = {isa = PBXBuildFile; fileRef = 412C79BA2D4E5234006D9383 /* UserInfo.swift */; };
		412C79C52D4E5533006D9383 /* LoggedPINRouter.swift in Sources */ = {isa = PBXBuildFile; fileRef = 412C79C32D4E5533006D9383 /* LoggedPINRouter.swift */; };
		412C79C62D4E5533006D9383 /* LoggedPINViewController.swift in Sources */ = {isa = PBXBuildFile; fileRef = 412C79C42D4E5533006D9383 /* LoggedPINViewController.swift */; };
		412C79C72D4E5533006D9383 /* LoggedPINFactory.swift in Sources */ = {isa = PBXBuildFile; fileRef = 412C79C02D4E5533006D9383 /* LoggedPINFactory.swift */; };
		412C79C92D4E5533006D9383 /* LoggedPINInteractor.swift in Sources */ = {isa = PBXBuildFile; fileRef = 412C79C12D4E5533006D9383 /* LoggedPINInteractor.swift */; };
		412C79CA2D4E5533006D9383 /* LoggedPINPresenter.swift in Sources */ = {isa = PBXBuildFile; fileRef = 412C79C22D4E5533006D9383 /* LoggedPINPresenter.swift */; };
		412C79CB2D4E5533006D9383 /* LoggedPINConfigurator.swift in Sources */ = {isa = PBXBuildFile; fileRef = 412C79BE2D4E5533006D9383 /* LoggedPINConfigurator.swift */; };
		412C79D72D50D4CF006D9383 /* MainPresenter.swift in Sources */ = {isa = PBXBuildFile; fileRef = 412C79D42D50D4CF006D9383 /* MainPresenter.swift */; };
		412C79D82D50D4CF006D9383 /* MainInteractor.swift in Sources */ = {isa = PBXBuildFile; fileRef = 412C79D32D50D4CF006D9383 /* MainInteractor.swift */; };
		412C79D92D50D4CF006D9383 /* MainRouter.swift in Sources */ = {isa = PBXBuildFile; fileRef = 412C79D52D50D4CF006D9383 /* MainRouter.swift */; };
		412C79DA2D50D4CF006D9383 /* MainCoordinator.swift in Sources */ = {isa = PBXBuildFile; fileRef = 412C79D12D50D4CF006D9383 /* MainCoordinator.swift */; };
		412C79DB2D50D4CF006D9383 /* MainFactory.swift in Sources */ = {isa = PBXBuildFile; fileRef = 412C79D22D50D4CF006D9383 /* MainFactory.swift */; };
		412C79DC2D50D4CF006D9383 /* MainViewController.swift in Sources */ = {isa = PBXBuildFile; fileRef = 412C79D62D50D4CF006D9383 /* MainViewController.swift */; };
		412C79DD2D50D4CF006D9383 /* MainConfigurator.swift in Sources */ = {isa = PBXBuildFile; fileRef = 412C79D02D50D4CF006D9383 /* MainConfigurator.swift */; };
		4183B93E2D48D690008536B2 /* CardinalCoordinator.swift in Sources */ = {isa = PBXBuildFile; fileRef = 4183B93D2D48D690008536B2 /* CardinalCoordinator.swift */; };
		43D7B17FE7BBA26994F32788 /* Pods_NavigationTrain.framework in Frameworks */ = {isa = PBXBuildFile; fileRef = E8A45D2BD6D968EFAAE0B610 /* Pods_NavigationTrain.framework */; };
/* End PBXBuildFile section */

/* Begin PBXFileReference section */
		3E4D5AB10ECE2818FB5D0C86 /* Pods-NavigationTrain.release.xcconfig */ = {isa = PBXFileReference; includeInIndex = 1; lastKnownFileType = text.xcconfig; name = "Pods-NavigationTrain.release.xcconfig"; path = "Target Support Files/Pods-NavigationTrain/Pods-NavigationTrain.release.xcconfig"; sourceTree = "<group>"; };
		411BD8CC2D47CEE6002252CA /* NavigationTrain.app */ = {isa = PBXFileReference; explicitFileType = wrapper.application; includeInIndex = 0; path = NavigationTrain.app; sourceTree = BUILT_PRODUCTS_DIR; };
		411BD8FB2D48195E002252CA /* AppDelegate.swift */ = {isa = PBXFileReference; lastKnownFileType = sourcecode.swift; path = AppDelegate.swift; sourceTree = "<group>"; };
		411BD8FC2D48195E002252CA /* SceneDelegate.swift */ = {isa = PBXFileReference; lastKnownFileType = sourcecode.swift; path = SceneDelegate.swift; sourceTree = "<group>"; };
		411BD8FE2D48195E002252CA /* Assets.xcassets */ = {isa = PBXFileReference; lastKnownFileType = folder.assetcatalog; path = Assets.xcassets; sourceTree = "<group>"; };
		411BD8FF2D48195E002252CA /* Info.plist */ = {isa = PBXFileReference; lastKnownFileType = text.plist.xml; path = Info.plist; sourceTree = "<group>"; };
		411BD9002D48195E002252CA /* Base */ = {isa = PBXFileReference; lastKnownFileType = file.storyboard; name = Base; path = Base.lproj/LaunchScreen.storyboard; sourceTree = "<group>"; };
		411FE5112D48EC0A006A5FF9 /* AuthConfigurator.swift */ = {isa = PBXFileReference; lastKnownFileType = sourcecode.swift; path = AuthConfigurator.swift; sourceTree = "<group>"; };
		411FE5122D48EC0A006A5FF9 /* AuthCoordinator.swift */ = {isa = PBXFileReference; lastKnownFileType = sourcecode.swift; path = AuthCoordinator.swift; sourceTree = "<group>"; };
		411FE5132D48EC0A006A5FF9 /* AuthFactory.swift */ = {isa = PBXFileReference; lastKnownFileType = sourcecode.swift; path = AuthFactory.swift; sourceTree = "<group>"; };
		411FE5142D48EC0A006A5FF9 /* AuthInteractor.swift */ = {isa = PBXFileReference; lastKnownFileType = sourcecode.swift; path = AuthInteractor.swift; sourceTree = "<group>"; };
		411FE5152D48EC0A006A5FF9 /* AuthPresenter.swift */ = {isa = PBXFileReference; lastKnownFileType = sourcecode.swift; path = AuthPresenter.swift; sourceTree = "<group>"; };
		411FE5162D48EC0A006A5FF9 /* AuthRouter.swift */ = {isa = PBXFileReference; lastKnownFileType = sourcecode.swift; path = AuthRouter.swift; sourceTree = "<group>"; };
		411FE5172D48EC0A006A5FF9 /* AuthViewController.swift */ = {isa = PBXFileReference; lastKnownFileType = sourcecode.swift; path = AuthViewController.swift; sourceTree = "<group>"; };
		411FE5252D48F01F006A5FF9 /* LogInPasswordTextField.swift */ = {isa = PBXFileReference; lastKnownFileType = sourcecode.swift; path = LogInPasswordTextField.swift; sourceTree = "<group>"; };
		411FE5272D48F658006A5FF9 /* AuthButton.swift */ = {isa = PBXFileReference; lastKnownFileType = sourcecode.swift; path = AuthButton.swift; sourceTree = "<group>"; };
		411FE52D2D4A4B7F006A5FF9 /* UDStorageManager.swift */ = {isa = PBXFileReference; lastKnownFileType = sourcecode.swift; path = UDStorageManager.swift; sourceTree = "<group>"; };
		411FE52F2D4A4B92006A5FF9 /* FirebaseAuthManager.swift */ = {isa = PBXFileReference; lastKnownFileType = sourcecode.swift; path = FirebaseAuthManager.swift; sourceTree = "<group>"; };
		411FE5332D4A4D79006A5FF9 /* GoogleService-Info.plist */ = {isa = PBXFileReference; lastKnownFileType = text.plist.xml; path = "GoogleService-Info.plist"; sourceTree = "<group>"; };
		412C79912D4B7CBE006D9383 /* SignUpConfigurator.swift */ = {isa = PBXFileReference; lastKnownFileType = sourcecode.swift; path = SignUpConfigurator.swift; sourceTree = "<group>"; };
		412C79932D4B7CBE006D9383 /* SignUpFactory.swift */ = {isa = PBXFileReference; lastKnownFileType = sourcecode.swift; path = SignUpFactory.swift; sourceTree = "<group>"; };
		412C79942D4B7CBE006D9383 /* SignUpInteractor.swift */ = {isa = PBXFileReference; lastKnownFileType = sourcecode.swift; path = SignUpInteractor.swift; sourceTree = "<group>"; };
		412C79952D4B7CBE006D9383 /* SignUpPresenter.swift */ = {isa = PBXFileReference; lastKnownFileType = sourcecode.swift; path = SignUpPresenter.swift; sourceTree = "<group>"; };
		412C79962D4B7CBE006D9383 /* SignUpRouter.swift */ = {isa = PBXFileReference; lastKnownFileType = sourcecode.swift; path = SignUpRouter.swift; sourceTree = "<group>"; };
		412C79972D4B7CBE006D9383 /* SignUpViewController.swift */ = {isa = PBXFileReference; lastKnownFileType = sourcecode.swift; path = SignUpViewController.swift; sourceTree = "<group>"; };
		412C79A42D4CFBA4006D9383 /* PINCodeConfigurator.swift */ = {isa = PBXFileReference; lastKnownFileType = sourcecode.swift; path = PINCodeConfigurator.swift; sourceTree = "<group>"; };
		412C79A62D4CFBA4006D9383 /* PINCodeFactory.swift */ = {isa = PBXFileReference; lastKnownFileType = sourcecode.swift; path = PINCodeFactory.swift; sourceTree = "<group>"; };
		412C79A72D4CFBA4006D9383 /* PINCodeInteractor.swift */ = {isa = PBXFileReference; lastKnownFileType = sourcecode.swift; path = PINCodeInteractor.swift; sourceTree = "<group>"; };
		412C79A82D4CFBA4006D9383 /* PINCodePresenter.swift */ = {isa = PBXFileReference; lastKnownFileType = sourcecode.swift; path = PINCodePresenter.swift; sourceTree = "<group>"; };
		412C79A92D4CFBA4006D9383 /* PINCodeRouter.swift */ = {isa = PBXFileReference; lastKnownFileType = sourcecode.swift; path = PINCodeRouter.swift; sourceTree = "<group>"; };
		412C79AA2D4CFBA4006D9383 /* PINCodeViewController.swift */ = {isa = PBXFileReference; lastKnownFileType = sourcecode.swift; path = PINCodeViewController.swift; sourceTree = "<group>"; };
		412C79B42D4D03F1006D9383 /* PinCodeCircles.swift */ = {isa = PBXFileReference; lastKnownFileType = sourcecode.swift; path = PinCodeCircles.swift; sourceTree = "<group>"; };
		412C79B62D4D096A006D9383 /* NumbersInputStack.swift */ = {isa = PBXFileReference; lastKnownFileType = sourcecode.swift; path = NumbersInputStack.swift; sourceTree = "<group>"; };
		412C79B82D4D29E4006D9383 /* UIImageView+.swift */ = {isa = PBXFileReference; lastKnownFileType = sourcecode.swift; path = "UIImageView+.swift"; sourceTree = "<group>"; };
		412C79BA2D4E5234006D9383 /* UserInfo.swift */ = {isa = PBXFileReference; lastKnownFileType = sourcecode.swift; path = UserInfo.swift; sourceTree = "<group>"; };
		412C79BE2D4E5533006D9383 /* LoggedPINConfigurator.swift */ = {isa = PBXFileReference; lastKnownFileType = sourcecode.swift; path = LoggedPINConfigurator.swift; sourceTree = "<group>"; };
		412C79C02D4E5533006D9383 /* LoggedPINFactory.swift */ = {isa = PBXFileReference; lastKnownFileType = sourcecode.swift; path = LoggedPINFactory.swift; sourceTree = "<group>"; };
		412C79C12D4E5533006D9383 /* LoggedPINInteractor.swift */ = {isa = PBXFileReference; lastKnownFileType = sourcecode.swift; path = LoggedPINInteractor.swift; sourceTree = "<group>"; };
		412C79C22D4E5533006D9383 /* LoggedPINPresenter.swift */ = {isa = PBXFileReference; lastKnownFileType = sourcecode.swift; path = LoggedPINPresenter.swift; sourceTree = "<group>"; };
		412C79C32D4E5533006D9383 /* LoggedPINRouter.swift */ = {isa = PBXFileReference; lastKnownFileType = sourcecode.swift; path = LoggedPINRouter.swift; sourceTree = "<group>"; };
		412C79C42D4E5533006D9383 /* LoggedPINViewController.swift */ = {isa = PBXFileReference; lastKnownFileType = sourcecode.swift; path = LoggedPINViewController.swift; sourceTree = "<group>"; };
		412C79D02D50D4CF006D9383 /* MainConfigurator.swift */ = {isa = PBXFileReference; lastKnownFileType = sourcecode.swift; path = MainConfigurator.swift; sourceTree = "<group>"; };
		412C79D12D50D4CF006D9383 /* MainCoordinator.swift */ = {isa = PBXFileReference; lastKnownFileType = sourcecode.swift; path = MainCoordinator.swift; sourceTree = "<group>"; };
		412C79D22D50D4CF006D9383 /* MainFactory.swift */ = {isa = PBXFileReference; lastKnownFileType = sourcecode.swift; path = MainFactory.swift; sourceTree = "<group>"; };
		412C79D32D50D4CF006D9383 /* MainInteractor.swift */ = {isa = PBXFileReference; lastKnownFileType = sourcecode.swift; path = MainInteractor.swift; sourceTree = "<group>"; };
		412C79D42D50D4CF006D9383 /* MainPresenter.swift */ = {isa = PBXFileReference; lastKnownFileType = sourcecode.swift; path = MainPresenter.swift; sourceTree = "<group>"; };
		412C79D52D50D4CF006D9383 /* MainRouter.swift */ = {isa = PBXFileReference; lastKnownFileType = sourcecode.swift; path = MainRouter.swift; sourceTree = "<group>"; };
		412C79D62D50D4CF006D9383 /* MainViewController.swift */ = {isa = PBXFileReference; lastKnownFileType = sourcecode.swift; path = MainViewController.swift; sourceTree = "<group>"; };
		4183B93D2D48D690008536B2 /* CardinalCoordinator.swift */ = {isa = PBXFileReference; lastKnownFileType = sourcecode.swift; path = CardinalCoordinator.swift; sourceTree = "<group>"; };
		E8A45D2BD6D968EFAAE0B610 /* Pods_NavigationTrain.framework */ = {isa = PBXFileReference; explicitFileType = wrapper.framework; includeInIndex = 0; path = Pods_NavigationTrain.framework; sourceTree = BUILT_PRODUCTS_DIR; };
		EE59C274DB6DDC9517C21AF1 /* Pods-NavigationTrain.debug.xcconfig */ = {isa = PBXFileReference; includeInIndex = 1; lastKnownFileType = text.xcconfig; name = "Pods-NavigationTrain.debug.xcconfig"; path = "Target Support Files/Pods-NavigationTrain/Pods-NavigationTrain.debug.xcconfig"; sourceTree = "<group>"; };
/* End PBXFileReference section */

/* Begin PBXFrameworksBuildPhase section */
		411BD8C92D47CEE6002252CA /* Frameworks */ = {
			isa = PBXFrameworksBuildPhase;
			buildActionMask = 2147483647;
			files = (
				43D7B17FE7BBA26994F32788 /* Pods_NavigationTrain.framework in Frameworks */,
			);
			runOnlyForDeploymentPostprocessing = 0;
		};
/* End PBXFrameworksBuildPhase section */

/* Begin PBXGroup section */
		24D38F7BCA90367B8669FA77 /* Frameworks */ = {
			isa = PBXGroup;
			children = (
				E8A45D2BD6D968EFAAE0B610 /* Pods_NavigationTrain.framework */,
			);
			name = Frameworks;
			sourceTree = "<group>";
		};
		411BD8C32D47CEE6002252CA = {
			isa = PBXGroup;
			children = (
				411BD8CD2D47CEE6002252CA /* Products */,
				411BD9032D48195E002252CA /* NavigationTrain */,
				B3DCDC37D1E99A35BBF955F8 /* Pods */,
				24D38F7BCA90367B8669FA77 /* Frameworks */,
			);
			sourceTree = "<group>";
		};
		411BD8CD2D47CEE6002252CA /* Products */ = {
			isa = PBXGroup;
			children = (
				411BD8CC2D47CEE6002252CA /* NavigationTrain.app */,
			);
			name = Products;
			sourceTree = "<group>";
		};
		411BD8FD2D48195E002252CA /* App */ = {
			isa = PBXGroup;
			children = (
				411BD8FB2D48195E002252CA /* AppDelegate.swift */,
				411BD8FC2D48195E002252CA /* SceneDelegate.swift */,
				A1F837C26F4AA022261A257C /* Pods */,
			);
			path = App;
			sourceTree = "<group>";
		};
		411BD9032D48195E002252CA /* NavigationTrain */ = {
			isa = PBXGroup;
			children = (
				4183B93D2D48D690008536B2 /* CardinalCoordinator.swift */,
				412C79CF2D50D4B5006D9383 /* MainModule */,
				412C79902D4B7C42006D9383 /* AuthModules */,
				411BD8FD2D48195E002252CA /* App */,
				411FE5242D48EFDC006A5FF9 /* Resourses */,
				411BD8FF2D48195E002252CA /* Info.plist */,
				411FE5332D4A4D79006A5FF9 /* GoogleService-Info.plist */,
				411BD9012D48195E002252CA /* LaunchScreen.storyboard */,
			);
			path = NavigationTrain;
			sourceTree = "<group>";
		};
		411FE51F2D48EF12006A5FF9 /* Extentions */ = {
			isa = PBXGroup;
			children = (
				412C79B82D4D29E4006D9383 /* UIImageView+.swift */,
			);
			path = Extentions;
			sourceTree = "<group>";
		};
		411FE5242D48EFDC006A5FF9 /* Resourses */ = {
			isa = PBXGroup;
			children = (
				411BD8FE2D48195E002252CA /* Assets.xcassets */,
				411FE51F2D48EF12006A5FF9 /* Extentions */,
				41D7D2322D4A50AF002F76B9 /* CustomUIKit */,
				412C79CE2D4F7948006D9383 /* Models */,
			);
			path = Resourses;
			sourceTree = "<group>";
		};
		411FE52A2D4A4B32006A5FF9 /* AuthVIPR */ = {
			isa = PBXGroup;
			children = (
				411FE5142D48EC0A006A5FF9 /* AuthInteractor.swift */,
				411FE5152D48EC0A006A5FF9 /* AuthPresenter.swift */,
				411FE5162D48EC0A006A5FF9 /* AuthRouter.swift */,
				411FE5172D48EC0A006A5FF9 /* AuthViewController.swift */,
				411FE52B2D4A4B4D006A5FF9 /* AuthBuilders */,
			);
			path = AuthVIPR;
			sourceTree = "<group>";
		};
		411FE52B2D4A4B4D006A5FF9 /* AuthBuilders */ = {
			isa = PBXGroup;
			children = (
				411FE5112D48EC0A006A5FF9 /* AuthConfigurator.swift */,
				411FE5132D48EC0A006A5FF9 /* AuthFactory.swift */,
			);
			path = AuthBuilders;
			sourceTree = "<group>";
		};
		411FE52C2D4A4B63006A5FF9 /* Managers */ = {
			isa = PBXGroup;
			children = (
				411FE52D2D4A4B7F006A5FF9 /* UDStorageManager.swift */,
				411FE52F2D4A4B92006A5FF9 /* FirebaseAuthManager.swift */,
			);
			path = Managers;
			sourceTree = "<group>";
		};
		412C79902D4B7C42006D9383 /* AuthModules */ = {
			isa = PBXGroup;
			children = (
				411FE5122D48EC0A006A5FF9 /* AuthCoordinator.swift */,
				412C79BC2D4E54EF006D9383 /* AuthModule */,
				412C79BD2D4E5503006D9383 /* PINCodeModule */,
				411FE52C2D4A4B63006A5FF9 /* Managers */,
			);
			path = AuthModules;
			sourceTree = "<group>";
		};
		412C79A12D4B8081006D9383 /* SignUpVIPR */ = {
			isa = PBXGroup;
			children = (
				412C79942D4B7CBE006D9383 /* SignUpInteractor.swift */,
				412C79952D4B7CBE006D9383 /* SignUpPresenter.swift */,
				412C79962D4B7CBE006D9383 /* SignUpRouter.swift */,
				412C79972D4B7CBE006D9383 /* SignUpViewController.swift */,
				412C79A22D4B8099006D9383 /* SighUPBuilders */,
			);
			path = SignUpVIPR;
			sourceTree = "<group>";
		};
		412C79A22D4B8099006D9383 /* SighUPBuilders */ = {
			isa = PBXGroup;
			children = (
				412C79912D4B7CBE006D9383 /* SignUpConfigurator.swift */,
				412C79932D4B7CBE006D9383 /* SignUpFactory.swift */,
			);
			path = SighUPBuilders;
			sourceTree = "<group>";
		};
		412C79B22D4CFBB3006D9383 /* PINCodeVIPR */ = {
			isa = PBXGroup;
			children = (
				412C79A72D4CFBA4006D9383 /* PINCodeInteractor.swift */,
				412C79A82D4CFBA4006D9383 /* PINCodePresenter.swift */,
				412C79A92D4CFBA4006D9383 /* PINCodeRouter.swift */,
				412C79AA2D4CFBA4006D9383 /* PINCodeViewController.swift */,
				412C79B32D4CFBD2006D9383 /* PINCodeBuilders */,
			);
			path = PINCodeVIPR;
			sourceTree = "<group>";
		};
		412C79B32D4CFBD2006D9383 /* PINCodeBuilders */ = {
			isa = PBXGroup;
			children = (
				412C79A42D4CFBA4006D9383 /* PINCodeConfigurator.swift */,
				412C79A62D4CFBA4006D9383 /* PINCodeFactory.swift */,
			);
			path = PINCodeBuilders;
			sourceTree = "<group>";
		};
		412C79BC2D4E54EF006D9383 /* AuthModule */ = {
			isa = PBXGroup;
			children = (
				411FE52A2D4A4B32006A5FF9 /* AuthVIPR */,
				412C79A12D4B8081006D9383 /* SignUpVIPR */,
			);
			path = AuthModule;
			sourceTree = "<group>";
		};
		412C79BD2D4E5503006D9383 /* PINCodeModule */ = {
			isa = PBXGroup;
			children = (
				412C79B22D4CFBB3006D9383 /* PINCodeVIPR */,
				412C79CC2D4E5560006D9383 /* LoggedPINCodeVIPR */,
			);
			path = PINCodeModule;
			sourceTree = "<group>";
		};
		412C79CC2D4E5560006D9383 /* LoggedPINCodeVIPR */ = {
			isa = PBXGroup;
			children = (
				412C79C12D4E5533006D9383 /* LoggedPINInteractor.swift */,
				412C79C22D4E5533006D9383 /* LoggedPINPresenter.swift */,
				412C79C32D4E5533006D9383 /* LoggedPINRouter.swift */,
				412C79C42D4E5533006D9383 /* LoggedPINViewController.swift */,
				412C79CD2D4E557B006D9383 /* LoggedPINBuildes */,
			);
			path = LoggedPINCodeVIPR;
			sourceTree = "<group>";
		};
		412C79CD2D4E557B006D9383 /* LoggedPINBuildes */ = {
			isa = PBXGroup;
			children = (
				412C79BE2D4E5533006D9383 /* LoggedPINConfigurator.swift */,
				412C79C02D4E5533006D9383 /* LoggedPINFactory.swift */,
			);
			path = LoggedPINBuildes;
			sourceTree = "<group>";
		};
		412C79CE2D4F7948006D9383 /* Models */ = {
			isa = PBXGroup;
			children = (
				412C79BA2D4E5234006D9383 /* UserInfo.swift */,
			);
			path = Models;
			sourceTree = "<group>";
		};
		412C79CF2D50D4B5006D9383 /* MainModule */ = {
			isa = PBXGroup;
			children = (
				412C79D12D50D4CF006D9383 /* MainCoordinator.swift */,
				412C79DE2D50EA3F006D9383 /* MainScreen */,
			);
			path = MainModule;
			sourceTree = "<group>";
		};
		412C79DE2D50EA3F006D9383 /* MainScreen */ = {
			isa = PBXGroup;
			children = (
				412C79D32D50D4CF006D9383 /* MainInteractor.swift */,
				412C79D42D50D4CF006D9383 /* MainPresenter.swift */,
				412C79D52D50D4CF006D9383 /* MainRouter.swift */,
				412C79D62D50D4CF006D9383 /* MainViewController.swift */,
				412C79DF2D50EA52006D9383 /* MainScreenBuilders */,
			);
			path = MainScreen;
			sourceTree = "<group>";
		};
		412C79DF2D50EA52006D9383 /* MainScreenBuilders */ = {
			isa = PBXGroup;
			children = (
				412C79D02D50D4CF006D9383 /* MainConfigurator.swift */,
				412C79D22D50D4CF006D9383 /* MainFactory.swift */,
			);
			path = MainScreenBuilders;
			sourceTree = "<group>";
		};
		41D7D2322D4A50AF002F76B9 /* CustomUIKit */ = {
			isa = PBXGroup;
			children = (
				411FE5252D48F01F006A5FF9 /* LogInPasswordTextField.swift */,
				411FE5272D48F658006A5FF9 /* AuthButton.swift */,
				412C79B42D4D03F1006D9383 /* PinCodeCircles.swift */,
				412C79B62D4D096A006D9383 /* NumbersInputStack.swift */,
			);
			path = CustomUIKit;
			sourceTree = "<group>";
		};
		A1F837C26F4AA022261A257C /* Pods */ = {
			isa = PBXGroup;
			children = (
			);
			path = Pods;
			sourceTree = "<group>";
		};
		B3DCDC37D1E99A35BBF955F8 /* Pods */ = {
			isa = PBXGroup;
			children = (
				EE59C274DB6DDC9517C21AF1 /* Pods-NavigationTrain.debug.xcconfig */,
				3E4D5AB10ECE2818FB5D0C86 /* Pods-NavigationTrain.release.xcconfig */,
			);
			name = Pods;
			path = Pods;
			sourceTree = "<group>";
		};
/* End PBXGroup section */

/* Begin PBXNativeTarget section */
		411BD8CB2D47CEE6002252CA /* NavigationTrain */ = {
			isa = PBXNativeTarget;
			buildConfigurationList = 411BD8DF2D47CEE7002252CA /* Build configuration list for PBXNativeTarget "NavigationTrain" */;
			buildPhases = (
				71FF6A91457D45421D8CEB67 /* [CP] Check Pods Manifest.lock */,
				411BD8C82D47CEE6002252CA /* Sources */,
				411BD8C92D47CEE6002252CA /* Frameworks */,
				411BD8CA2D47CEE6002252CA /* Resources */,
				A06DAB2D2B8DEA97B8906224 /* [CP] Copy Pods Resources */,
			);
			buildRules = (
			);
			dependencies = (
			);
			name = NavigationTrain;
			productName = NavigationTrain;
			productReference = 411BD8CC2D47CEE6002252CA /* NavigationTrain.app */;
			productType = "com.apple.product-type.application";
		};
/* End PBXNativeTarget section */

/* Begin PBXProject section */
		411BD8C42D47CEE6002252CA /* Project object */ = {
			isa = PBXProject;
			attributes = {
				BuildIndependentTargetsInParallel = 1;
				LastSwiftUpdateCheck = 1610;
				LastUpgradeCheck = 1610;
				TargetAttributes = {
					411BD8CB2D47CEE6002252CA = {
						CreatedOnToolsVersion = 16.1;
					};
				};
			};
			buildConfigurationList = 411BD8C72D47CEE6002252CA /* Build configuration list for PBXProject "NavigationTrain" */;
			developmentRegion = en;
			hasScannedForEncodings = 0;
			knownRegions = (
				en,
				Base,
			);
			mainGroup = 411BD8C32D47CEE6002252CA;
			minimizedProjectReferenceProxies = 1;
			preferredProjectObjectVersion = 77;
			productRefGroup = 411BD8CD2D47CEE6002252CA /* Products */;
			projectDirPath = "";
			projectRoot = "";
			targets = (
				411BD8CB2D47CEE6002252CA /* NavigationTrain */,
			);
		};
/* End PBXProject section */

/* Begin PBXResourcesBuildPhase section */
		411BD8CA2D47CEE6002252CA /* Resources */ = {
			isa = PBXResourcesBuildPhase;
			buildActionMask = 2147483647;
			files = (
				411BD9042D48195E002252CA /* Assets.xcassets in Resources */,
				411BD9062D48195E002252CA /* LaunchScreen.storyboard in Resources */,
				411FE5342D4A4D79006A5FF9 /* GoogleService-Info.plist in Resources */,
			);
			runOnlyForDeploymentPostprocessing = 0;
		};
/* End PBXResourcesBuildPhase section */

/* Begin PBXShellScriptBuildPhase section */
		71FF6A91457D45421D8CEB67 /* [CP] Check Pods Manifest.lock */ = {
			isa = PBXShellScriptBuildPhase;
			buildActionMask = 2147483647;
			files = (
			);
			inputFileListPaths = (
			);
			inputPaths = (
				"${PODS_PODFILE_DIR_PATH}/Podfile.lock",
				"${PODS_ROOT}/Manifest.lock",
			);
			name = "[CP] Check Pods Manifest.lock";
			outputFileListPaths = (
			);
			outputPaths = (
				"$(DERIVED_FILE_DIR)/Pods-NavigationTrain-checkManifestLockResult.txt",
			);
			runOnlyForDeploymentPostprocessing = 0;
			shellPath = /bin/sh;
			shellScript = "diff \"${PODS_PODFILE_DIR_PATH}/Podfile.lock\" \"${PODS_ROOT}/Manifest.lock\" > /dev/null\nif [ $? != 0 ] ; then\n    # print error to STDERR\n    echo \"error: The sandbox is not in sync with the Podfile.lock. Run 'pod install' or update your CocoaPods installation.\" >&2\n    exit 1\nfi\n# This output is used by Xcode 'outputs' to avoid re-running this script phase.\necho \"SUCCESS\" > \"${SCRIPT_OUTPUT_FILE_0}\"\n";
			showEnvVarsInLog = 0;
		};
		A06DAB2D2B8DEA97B8906224 /* [CP] Copy Pods Resources */ = {
			isa = PBXShellScriptBuildPhase;
			buildActionMask = 2147483647;
			files = (
			);
			inputFileListPaths = (
				"${PODS_ROOT}/Target Support Files/Pods-NavigationTrain/Pods-NavigationTrain-resources-${CONFIGURATION}-input-files.xcfilelist",
			);
			name = "[CP] Copy Pods Resources";
			outputFileListPaths = (
				"${PODS_ROOT}/Target Support Files/Pods-NavigationTrain/Pods-NavigationTrain-resources-${CONFIGURATION}-output-files.xcfilelist",
			);
			runOnlyForDeploymentPostprocessing = 0;
			shellPath = /bin/sh;
			shellScript = "\"${PODS_ROOT}/Target Support Files/Pods-NavigationTrain/Pods-NavigationTrain-resources.sh\"\n";
			showEnvVarsInLog = 0;
		};
/* End PBXShellScriptBuildPhase section */

/* Begin PBXSourcesBuildPhase section */
		411BD8C82D47CEE6002252CA /* Sources */ = {
			isa = PBXSourcesBuildPhase;
			buildActionMask = 2147483647;
			files = (
				412C79982D4B7CBE006D9383 /* SignUpRouter.swift in Sources */,
				412C79992D4B7CBE006D9383 /* SignUpInteractor.swift in Sources */,
				412C799A2D4B7CBE006D9383 /* SignUpViewController.swift in Sources */,
				412C799B2D4B7CBE006D9383 /* SignUpConfigurator.swift in Sources */,
				412C799D2D4B7CBE006D9383 /* SignUpFactory.swift in Sources */,
				412C799E2D4B7CBE006D9383 /* SignUpPresenter.swift in Sources */,
				411FE5182D48EC0A006A5FF9 /* AuthFactory.swift in Sources */,
				411FE5282D48F658006A5FF9 /* AuthButton.swift in Sources */,
				411FE5192D48EC0A006A5FF9 /* AuthRouter.swift in Sources */,
				411FE51A2D48EC0A006A5FF9 /* AuthPresenter.swift in Sources */,
				412C79AB2D4CFBA4006D9383 /* PINCodeInteractor.swift in Sources */,
				412C79D72D50D4CF006D9383 /* MainPresenter.swift in Sources */,
				412C79D82D50D4CF006D9383 /* MainInteractor.swift in Sources */,
				412C79D92D50D4CF006D9383 /* MainRouter.swift in Sources */,
				412C79DA2D50D4CF006D9383 /* MainCoordinator.swift in Sources */,
				412C79DB2D50D4CF006D9383 /* MainFactory.swift in Sources */,
				412C79DC2D50D4CF006D9383 /* MainViewController.swift in Sources */,
				412C79DD2D50D4CF006D9383 /* MainConfigurator.swift in Sources */,
				412C79AC2D4CFBA4006D9383 /* PINCodeRouter.swift in Sources */,
				412C79BB2D4E5234006D9383 /* UserInfo.swift in Sources */,
				412C79AD2D4CFBA4006D9383 /* PINCodePresenter.swift in Sources */,
				412C79AE2D4CFBA4006D9383 /* PINCodeViewController.swift in Sources */,
				412C79B02D4CFBA4006D9383 /* PINCodeConfigurator.swift in Sources */,
				412C79B12D4CFBA4006D9383 /* PINCodeFactory.swift in Sources */,
				411FE51B2D48EC0A006A5FF9 /* AuthInteractor.swift in Sources */,
				412C79B52D4D03F1006D9383 /* PinCodeCircles.swift in Sources */,
				411FE51C2D48EC0A006A5FF9 /* AuthViewController.swift in Sources */,
				411FE52E2D4A4B7F006A5FF9 /* UDStorageManager.swift in Sources */,
				411FE51D2D48EC0A006A5FF9 /* AuthCoordinator.swift in Sources */,
				411FE5302D4A4B92006A5FF9 /* FirebaseAuthManager.swift in Sources */,
				411FE5262D48F01F006A5FF9 /* LogInPasswordTextField.swift in Sources */,
				412C79B92D4D29E4006D9383 /* UIImageView+.swift in Sources */,
				411FE51E2D48EC0A006A5FF9 /* AuthConfigurator.swift in Sources */,
				4183B93E2D48D690008536B2 /* CardinalCoordinator.swift in Sources */,
				412C79C52D4E5533006D9383 /* LoggedPINRouter.swift in Sources */,
				412C79C62D4E5533006D9383 /* LoggedPINViewController.swift in Sources */,
				412C79C72D4E5533006D9383 /* LoggedPINFactory.swift in Sources */,
				412C79C92D4E5533006D9383 /* LoggedPINInteractor.swift in Sources */,
				412C79CA2D4E5533006D9383 /* LoggedPINPresenter.swift in Sources */,
				412C79CB2D4E5533006D9383 /* LoggedPINConfigurator.swift in Sources */,
				411BD9072D48195E002252CA /* AppDelegate.swift in Sources */,
				411BD9082D48195E002252CA /* SceneDelegate.swift in Sources */,
				412C79B72D4D096A006D9383 /* NumbersInputStack.swift in Sources */,
			);
			runOnlyForDeploymentPostprocessing = 0;
		};
/* End PBXSourcesBuildPhase section */

/* Begin PBXVariantGroup section */
		411BD9012D48195E002252CA /* LaunchScreen.storyboard */ = {
			isa = PBXVariantGroup;
			children = (
				411BD9002D48195E002252CA /* Base */,
			);
			name = LaunchScreen.storyboard;
			sourceTree = "<group>";
		};
/* End PBXVariantGroup section */

/* Begin XCBuildConfiguration section */
		411BD8E02D47CEE7002252CA /* Debug */ = {
			isa = XCBuildConfiguration;
			baseConfigurationReference = EE59C274DB6DDC9517C21AF1 /* Pods-NavigationTrain.debug.xcconfig */;
			buildSettings = {
				ASSETCATALOG_COMPILER_APPICON_NAME = AppIcon;
				ASSETCATALOG_COMPILER_GLOBAL_ACCENT_COLOR_NAME = AccentColor;
				CODE_SIGN_STYLE = Automatic;
				CURRENT_PROJECT_VERSION = 1;
				DEVELOPMENT_TEAM = 728595U588;
				GENERATE_INFOPLIST_FILE = YES;
				INFOPLIST_FILE = NavigationTrain/Info.plist;
				INFOPLIST_KEY_UIApplicationSupportsIndirectInputEvents = YES;
				INFOPLIST_KEY_UILaunchStoryboardName = LaunchScreen;
				INFOPLIST_KEY_UISupportedInterfaceOrientations_iPad = "UIInterfaceOrientationPortrait UIInterfaceOrientationPortraitUpsideDown UIInterfaceOrientationLandscapeLeft UIInterfaceOrientationLandscapeRight";
				INFOPLIST_KEY_UISupportedInterfaceOrientations_iPhone = "UIInterfaceOrientationPortrait UIInterfaceOrientationLandscapeLeft UIInterfaceOrientationLandscapeRight";
				LD_RUNPATH_SEARCH_PATHS = (
					"$(inherited)",
					"@executable_path/Frameworks",
				);
				MARKETING_VERSION = 1.0;
				PRODUCT_BUNDLE_IDENTIFIER = klasssalina.com.NavigationTrain;
				PRODUCT_NAME = "$(TARGET_NAME)";
				SWIFT_EMIT_LOC_STRINGS = YES;
				SWIFT_VERSION = 5.0;
				TARGETED_DEVICE_FAMILY = "1,2";
			};
			name = Debug;
		};
		411BD8E12D47CEE7002252CA /* Release */ = {
			isa = XCBuildConfiguration;
			baseConfigurationReference = 3E4D5AB10ECE2818FB5D0C86 /* Pods-NavigationTrain.release.xcconfig */;
			buildSettings = {
				ASSETCATALOG_COMPILER_APPICON_NAME = AppIcon;
				ASSETCATALOG_COMPILER_GLOBAL_ACCENT_COLOR_NAME = AccentColor;
				CODE_SIGN_STYLE = Automatic;
				CURRENT_PROJECT_VERSION = 1;
				DEVELOPMENT_TEAM = 728595U588;
				GENERATE_INFOPLIST_FILE = YES;
				INFOPLIST_FILE = NavigationTrain/Info.plist;
				INFOPLIST_KEY_UIApplicationSupportsIndirectInputEvents = YES;
				INFOPLIST_KEY_UILaunchStoryboardName = LaunchScreen;
				INFOPLIST_KEY_UISupportedInterfaceOrientations_iPad = "UIInterfaceOrientationPortrait UIInterfaceOrientationPortraitUpsideDown UIInterfaceOrientationLandscapeLeft UIInterfaceOrientationLandscapeRight";
				INFOPLIST_KEY_UISupportedInterfaceOrientations_iPhone = "UIInterfaceOrientationPortrait UIInterfaceOrientationLandscapeLeft UIInterfaceOrientationLandscapeRight";
				LD_RUNPATH_SEARCH_PATHS = (
					"$(inherited)",
					"@executable_path/Frameworks",
				);
				MARKETING_VERSION = 1.0;
				PRODUCT_BUNDLE_IDENTIFIER = klasssalina.com.NavigationTrain;
				PRODUCT_NAME = "$(TARGET_NAME)";
				SWIFT_EMIT_LOC_STRINGS = YES;
				SWIFT_VERSION = 5.0;
				TARGETED_DEVICE_FAMILY = "1,2";
			};
			name = Release;
		};
		411BD8E22D47CEE7002252CA /* Debug */ = {
			isa = XCBuildConfiguration;
			buildSettings = {
				ALWAYS_SEARCH_USER_PATHS = NO;
				ASSETCATALOG_COMPILER_GENERATE_SWIFT_ASSET_SYMBOL_EXTENSIONS = YES;
				CLANG_ANALYZER_NONNULL = YES;
				CLANG_ANALYZER_NUMBER_OBJECT_CONVERSION = YES_AGGRESSIVE;
				CLANG_CXX_LANGUAGE_STANDARD = "gnu++20";
				CLANG_ENABLE_MODULES = YES;
				CLANG_ENABLE_OBJC_ARC = YES;
				CLANG_ENABLE_OBJC_WEAK = YES;
				CLANG_WARN_BLOCK_CAPTURE_AUTORELEASING = YES;
				CLANG_WARN_BOOL_CONVERSION = YES;
				CLANG_WARN_COMMA = YES;
				CLANG_WARN_CONSTANT_CONVERSION = YES;
				CLANG_WARN_DEPRECATED_OBJC_IMPLEMENTATIONS = YES;
				CLANG_WARN_DIRECT_OBJC_ISA_USAGE = YES_ERROR;
				CLANG_WARN_DOCUMENTATION_COMMENTS = YES;
				CLANG_WARN_EMPTY_BODY = YES;
				CLANG_WARN_ENUM_CONVERSION = YES;
				CLANG_WARN_INFINITE_RECURSION = YES;
				CLANG_WARN_INT_CONVERSION = YES;
				CLANG_WARN_NON_LITERAL_NULL_CONVERSION = YES;
				CLANG_WARN_OBJC_IMPLICIT_RETAIN_SELF = YES;
				CLANG_WARN_OBJC_LITERAL_CONVERSION = YES;
				CLANG_WARN_OBJC_ROOT_CLASS = YES_ERROR;
				CLANG_WARN_QUOTED_INCLUDE_IN_FRAMEWORK_HEADER = YES;
				CLANG_WARN_RANGE_LOOP_ANALYSIS = YES;
				CLANG_WARN_STRICT_PROTOTYPES = YES;
				CLANG_WARN_SUSPICIOUS_MOVE = YES;
				CLANG_WARN_UNGUARDED_AVAILABILITY = YES_AGGRESSIVE;
				CLANG_WARN_UNREACHABLE_CODE = YES;
				CLANG_WARN__DUPLICATE_METHOD_MATCH = YES;
				COPY_PHASE_STRIP = NO;
				DEBUG_INFORMATION_FORMAT = dwarf;
				ENABLE_STRICT_OBJC_MSGSEND = YES;
				ENABLE_TESTABILITY = YES;
				ENABLE_USER_SCRIPT_SANDBOXING = NO;
				GCC_C_LANGUAGE_STANDARD = gnu17;
				GCC_DYNAMIC_NO_PIC = NO;
				GCC_NO_COMMON_BLOCKS = YES;
				GCC_OPTIMIZATION_LEVEL = 0;
				GCC_PREPROCESSOR_DEFINITIONS = (
					"DEBUG=1",
					"$(inherited)",
				);
				GCC_WARN_64_TO_32_BIT_CONVERSION = YES;
				GCC_WARN_ABOUT_RETURN_TYPE = YES_ERROR;
				GCC_WARN_UNDECLARED_SELECTOR = YES;
				GCC_WARN_UNINITIALIZED_AUTOS = YES_AGGRESSIVE;
				GCC_WARN_UNUSED_FUNCTION = YES;
				GCC_WARN_UNUSED_VARIABLE = YES;
				IPHONEOS_DEPLOYMENT_TARGET = 18.1;
				LOCALIZATION_PREFERS_STRING_CATALOGS = YES;
				MTL_ENABLE_DEBUG_INFO = INCLUDE_SOURCE;
				MTL_FAST_MATH = YES;
				ONLY_ACTIVE_ARCH = YES;
				SDKROOT = iphoneos;
				SWIFT_ACTIVE_COMPILATION_CONDITIONS = "DEBUG $(inherited)";
				SWIFT_OPTIMIZATION_LEVEL = "-Onone";
			};
			name = Debug;
		};
		411BD8E32D47CEE7002252CA /* Release */ = {
			isa = XCBuildConfiguration;
			buildSettings = {
				ALWAYS_SEARCH_USER_PATHS = NO;
				ASSETCATALOG_COMPILER_GENERATE_SWIFT_ASSET_SYMBOL_EXTENSIONS = YES;
				CLANG_ANALYZER_NONNULL = YES;
				CLANG_ANALYZER_NUMBER_OBJECT_CONVERSION = YES_AGGRESSIVE;
				CLANG_CXX_LANGUAGE_STANDARD = "gnu++20";
				CLANG_ENABLE_MODULES = YES;
				CLANG_ENABLE_OBJC_ARC = YES;
				CLANG_ENABLE_OBJC_WEAK = YES;
				CLANG_WARN_BLOCK_CAPTURE_AUTORELEASING = YES;
				CLANG_WARN_BOOL_CONVERSION = YES;
				CLANG_WARN_COMMA = YES;
				CLANG_WARN_CONSTANT_CONVERSION = YES;
				CLANG_WARN_DEPRECATED_OBJC_IMPLEMENTATIONS = YES;
				CLANG_WARN_DIRECT_OBJC_ISA_USAGE = YES_ERROR;
				CLANG_WARN_DOCUMENTATION_COMMENTS = YES;
				CLANG_WARN_EMPTY_BODY = YES;
				CLANG_WARN_ENUM_CONVERSION = YES;
				CLANG_WARN_INFINITE_RECURSION = YES;
				CLANG_WARN_INT_CONVERSION = YES;
				CLANG_WARN_NON_LITERAL_NULL_CONVERSION = YES;
				CLANG_WARN_OBJC_IMPLICIT_RETAIN_SELF = YES;
				CLANG_WARN_OBJC_LITERAL_CONVERSION = YES;
				CLANG_WARN_OBJC_ROOT_CLASS = YES_ERROR;
				CLANG_WARN_QUOTED_INCLUDE_IN_FRAMEWORK_HEADER = YES;
				CLANG_WARN_RANGE_LOOP_ANALYSIS = YES;
				CLANG_WARN_STRICT_PROTOTYPES = YES;
				CLANG_WARN_SUSPICIOUS_MOVE = YES;
				CLANG_WARN_UNGUARDED_AVAILABILITY = YES_AGGRESSIVE;
				CLANG_WARN_UNREACHABLE_CODE = YES;
				CLANG_WARN__DUPLICATE_METHOD_MATCH = YES;
				COPY_PHASE_STRIP = NO;
				DEBUG_INFORMATION_FORMAT = "dwarf-with-dsym";
				ENABLE_NS_ASSERTIONS = NO;
				ENABLE_STRICT_OBJC_MSGSEND = YES;
				ENABLE_USER_SCRIPT_SANDBOXING = NO;
				GCC_C_LANGUAGE_STANDARD = gnu17;
				GCC_NO_COMMON_BLOCKS = YES;
				GCC_WARN_64_TO_32_BIT_CONVERSION = YES;
				GCC_WARN_ABOUT_RETURN_TYPE = YES_ERROR;
				GCC_WARN_UNDECLARED_SELECTOR = YES;
				GCC_WARN_UNINITIALIZED_AUTOS = YES_AGGRESSIVE;
				GCC_WARN_UNUSED_FUNCTION = YES;
				GCC_WARN_UNUSED_VARIABLE = YES;
				IPHONEOS_DEPLOYMENT_TARGET = 18.1;
				LOCALIZATION_PREFERS_STRING_CATALOGS = YES;
				MTL_ENABLE_DEBUG_INFO = NO;
				MTL_FAST_MATH = YES;
				SDKROOT = iphoneos;
				SWIFT_COMPILATION_MODE = wholemodule;
				VALIDATE_PRODUCT = YES;
			};
			name = Release;
		};
/* End XCBuildConfiguration section */

/* Begin XCConfigurationList section */
		411BD8C72D47CEE6002252CA /* Build configuration list for PBXProject "NavigationTrain" */ = {
			isa = XCConfigurationList;
			buildConfigurations = (
				411BD8E22D47CEE7002252CA /* Debug */,
				411BD8E32D47CEE7002252CA /* Release */,
			);
			defaultConfigurationIsVisible = 0;
			defaultConfigurationName = Release;
		};
		411BD8DF2D47CEE7002252CA /* Build configuration list for PBXNativeTarget "NavigationTrain" */ = {
			isa = XCConfigurationList;
			buildConfigurations = (
				411BD8E02D47CEE7002252CA /* Debug */,
				411BD8E12D47CEE7002252CA /* Release */,
			);
			defaultConfigurationIsVisible = 0;
			defaultConfigurationName = Release;
		};
/* End XCConfigurationList section */
	};
	rootObject = 411BD8C42D47CEE6002252CA /* Project object */;
}
